Microsoft Visual Studio Solution File, Format Version 12.00
# Visual Studio Version 17
VisualStudioVersion = 17.5.2.0
MinimumVisualStudioVersion = 10.0.40219.1
Project("{FAE04EC0-301F-11D3-BF4B-00C04F79EFBC}") = "two_sums", "two_sums\two_sums.csproj", "{FE353863-DE02-35D1-AEA2-FEA29453657A}"
EndProject
Global
	GlobalSection(SolutionConfigurationPlatforms) = preSolution
		Debug|Any CPU = Debug|Any CPU
		Release|Any CPU = Release|Any CPU
	EndGlobalSection
	GlobalSection(ProjectConfigurationPlatforms) = postSolution
		{FE353863-DE02-35D1-AEA2-FEA29453657A}.Debug|Any CPU.ActiveCfg = Debug|Any CPU
		{FE353863-DE02-35D1-AEA2-FEA29453657A}.Debug|Any CPU.Build.0 = Debug|Any CPU
		{FE353863-DE02-35D1-AEA2-FEA29453657A}.Release|Any CPU.ActiveCfg = Release|Any CPU
		{FE353863-DE02-35D1-AEA2-FEA29453657A}.Release|Any CPU.Build.0 = Release|Any CPU
	EndGlobalSection
	GlobalSection(SolutionProperties) = preSolution
		HideSolutionNode = FALSE
	EndGlobalSection
	GlobalSection(ExtensibilityGlobals) = postSolution
		SolutionGuid = {3E1579CD-53C7-47AC-83C9-A171CBA29633}
	EndGlobalSection
EndGlobal
